
Microsoft Visual Studio Solution File, Format Version 12.00
# Visual Studio Version 17
VisualStudioVersion = 17.5.33424.131
MinimumVisualStudioVersion = 10.0.40219.1
Project("{9A19103F-16F7-4668-BE54-9A1E7A4F7556}") = "SumIntegerWebApi", "SumIntegerWebApi\SumIntegerWebApi.csproj", "{8855B993-DCAE-4B43-8E3B-8F10EA1C6E06}"
EndProject
Project("{FAE04EC0-301F-11D3-BF4B-00C04F79EFBC}") = "SumIntegerTest", "SumIntegerTest\SumIntegerTest.csproj", "{F1AE6EB9-5C8F-4DAF-8399-1F4435D21E4E}"
EndProject
Global
	GlobalSection(SolutionConfigurationPlatforms) = preSolution
		Debug|Any CPU = Debug|Any CPU
		Release|Any CPU = Release|Any CPU
	EndGlobalSection
	GlobalSection(ProjectConfigurationPlatforms) = postSolution
		{8855B993-DCAE-4B43-8E3B-8F10EA1C6E06}.Debug|Any CPU.ActiveCfg = Debug|Any CPU
		{8855B993-DCAE-4B43-8E3B-8F10EA1C6E06}.Debug|Any CPU.Build.0 = Debug|Any CPU
		{8855B993-DCAE-4B43-8E3B-8F10EA1C6E06}.Release|Any CPU.ActiveCfg = Release|Any CPU
		{8855B993-DCAE-4B43-8E3B-8F10EA1C6E06}.Release|Any CPU.Build.0 = Release|Any CPU
		{F1AE6EB9-5C8F-4DAF-8399-1F4435D21E4E}.Debug|Any CPU.ActiveCfg = Debug|Any CPU
		{F1AE6EB9-5C8F-4DAF-8399-1F4435D21E4E}.Debug|Any CPU.Build.0 = Debug|Any CPU
		{F1AE6EB9-5C8F-4DAF-8399-1F4435D21E4E}.Release|Any CPU.ActiveCfg = Release|Any CPU
		{F1AE6EB9-5C8F-4DAF-8399-1F4435D21E4E}.Release|Any CPU.Build.0 = Release|Any CPU
	EndGlobalSection
	GlobalSection(SolutionProperties) = preSolution
		HideSolutionNode = FALSE
	EndGlobalSection
	GlobalSection(ExtensibilityGlobals) = postSolution
		SolutionGuid = {827091BA-F02B-49CF-8A5B-C31882690FC8}
	EndGlobalSection
EndGlobal
